{
  "version": 4,
  "terraform_version": "1.6.6",
  "serial": 126,
  "lineage": "b37dace4-f7ee-e0d1-be1e-bd33b47cd3ee",
  "outputs": {
    "config_map_aws_auth": {
      "value": "\r\n\r\napiVersion: v1\r\nkind: ConfigMap\r\nmetadata:\r\n  name: aws-auth\r\n  namespace: kube-system\r\ndata:\r\n  mapRoles: |\r\n    - rolearn: arn:aws:iam::589634832240:role/terraform-eks-ohNODE\r\n      username: system:node:{{EC2PrivateDNSName}}\r\n      groups:\r\n        - system:bootstrappers\r\n        - system:nodes\r\n",
      "type": "string"
    },
    "kubeconfig": {
      "value": "\r\n\r\napiVersion: v1\r\nclusters:\r\n- cluster:\r\n    server: https://5ED4041F52795C855FF84973AE4AD471.gr7.ap-northeast-2.eks.amazonaws.com\r\n    certificate-authority-data: LS0tLS1CRUdJTiBDRVJUSUZJQ0FURS0tLS0tCk1JSURCVENDQWUyZ0F3SUJBZ0lJVlVHTzFGZU1nV2N3RFFZSktvWklodmNOQVFFTEJRQXdGVEVUTUJFR0ExVUUKQXhNS2EzVmlaWEp1WlhSbGN6QWVGdzB5TkRBeE1UQXhNREEwTkRCYUZ3MHpOREF4TURjeE1EQTVOREJhTUJVeApFekFSQmdOVkJBTVRDbXQxWW1WeWJtVjBaWE13Z2dFaU1BMEdDU3FHU0liM0RRRUJBUVVBQTRJQkR3QXdnZ0VLCkFvSUJBUURNUjBMUlB6MnQ4WFo1dDZHTWwxcUUvcW5BSTI0TzJKSGM2TXhFR3VUSCtCakUvNEh2RW5HYU80VXcKdk10SWVWOVF6UUNscENBbnB3eFdJVkd3dUg1VnI0cklvbmhXbjEyNk92aTJwRVFMSXJjd2RhNmFHUkdOTjU3LwpmM3FYLzNaeXRSRTd4U0xwcGZxME9waXpDN25xUkNMYy9zZ0FxNjZyT2hqdGZOSllUczlVQW9wUW9PbTBoblZwCjBlQVVNWmRrdWpja0ZhL080dFFPUmxtVFBLdE5RdmcwbEhtZkhKMnVoLzFHWnJNV0lnUG5WOWtBQm9oVEViZloKWVhTYk42NU55RUFua3lYRlRJVEg5NmpKakVmUk84T2EwUlo3YnFSRjZwYS9udTZHelFJWGpwYXFNcGdsTmtwUgp4ajRESE4xdVFKcFIxbmYyQklaS285ZVNhZy9CQWdNQkFBR2pXVEJYTUE0R0ExVWREd0VCL3dRRUF3SUNwREFQCkJnTlZIUk1CQWY4RUJUQURBUUgvTUIwR0ExVWREZ1FXQkJRUVpzemVuYkJwNW5sNkNoSnJteXYzUXJVa3JqQVYKQmdOVkhSRUVEakFNZ2dwcmRXSmxjbTVsZEdWek1BMEdDU3FHU0liM0RRRUJDd1VBQTRJQkFRQVhqUWNUTldWWQovOGRhMUFGRjY4UHhBbjk5ZUJ6Skt0UHkxZ2xTcCtSR3crTjQwT2JxK3VlYVFyVEpNanNFZEpaZkgzVC8vMFByCkJsYXlJRUpXQmZPU3hIZSs1UTZWZ1RkTFVKQXZkSW40WXN0cFBKRnRTTmxFeW83Y3pZektuUjNLZXB2QzhsZFUKMkp4a28vQXlDWUd4Z3g0b1c0UDJGUFREZGlkNFplRDVlSjJkWW5PbytTUjFWeXBBZndDdHJwNUpaazlkcTVlMwpFbkxhREFlcTdxMnFRaS9KWVNQbXpXd2syWG5hYUFmMm5DVkFsR3UwYzFla0hrK2t2dWt2QitSTHgvNllaeDc4CmRxMGFmRXJNTmRwdzhqU2tOVms4a1ZSMitLeExRQll2T3ptalZPNlM5WjN5dWc4WUszUWtKNlFaMEpOZUgrbTQKNWZUV2lwakxUOTl6Ci0tLS0tRU5EIENFUlRJRklDQVRFLS0tLS0K\r\n  name: kubernetes\r\ncontexts:\r\n- context:\r\n    cluster: kubernetes\r\n    user: aws\r\n  name: aws\r\ncurrent-context: aws\r\nkind: Config\r\npreferences: {}\r\nusers:\r\n- name: aws\r\n  user:\r\n    exec:\r\n      apiVersion: client.authentication.k8s.io/v1beta1\r\n      command: aws-iam-authenticator\r\n      args:\r\n        - \"token\"\r\n        - \"-i\"\r\n        - \"ohCluster\"\r\n",
      "type": "string"
    }
  },
  "resources": [
    {
      "mode": "data",
      "type": "aws_availability_zones",
      "name": "available",
      "provider": "provider[\"registry.terraform.io/hashicorp/aws\"]",
      "instances": [
        {
          "schema_version": 0,
          "attributes": {
            "all_availability_zones": null,
            "exclude_names": null,
            "exclude_zone_ids": null,
            "filter": null,
            "group_names": [
              "ap-northeast-2"
            ],
            "id": "ap-northeast-2",
            "names": [
              "ap-northeast-2a",
              "ap-northeast-2b",
              "ap-northeast-2c",
              "ap-northeast-2d"
            ],
            "state": null,
            "timeouts": null,
            "zone_ids": [
              "apne2-az1",
              "apne2-az2",
              "apne2-az3",
              "apne2-az4"
            ]
          },
          "sensitive_attributes": []
        }
      ]
    },
    {
      "mode": "data",
      "type": "http",
      "name": "workstation-external-ip",
      "provider": "provider[\"registry.terraform.io/hashicorp/http\"]",
      "instances": [
        {
          "schema_version": 0,
          "attributes": {
            "body": "121.130.76.1\n",
            "ca_cert_pem": null,
            "id": "http://ipv4.icanhazip.com",
            "insecure": null,
            "method": null,
            "request_body": null,
            "request_headers": null,
            "request_timeout_ms": null,
            "response_body": "121.130.76.1\n",
            "response_body_base64": "MTIxLjEzMC43Ni4xCg==",
            "response_headers": {
              "Access-Control-Allow-Methods": "GET",
              "Access-Control-Allow-Origin": "*",
              "Alt-Svc": "h3=\":443\"; ma=86400",
              "Cf-Ray": "843419893f45931f-ICN",
              "Connection": "keep-alive",
              "Content-Length": "13",
              "Content-Type": "text/plain",
              "Date": "Wed, 10 Jan 2024 10:05:07 GMT",
              "Server": "cloudflare",
              "Set-Cookie": "__cf_bm=4FOVu0pMX4pQ6hy2iYXdGwhy7iM2icabIfzaLFLNGVE-1704881107-1-AUu9Ef4PwyCrPvRf7uciopjhw7SlHfrwAGd0a6HRbJEufd6+HDDg00UikA2uoLs7qvgVL8NougA3Sr1TGIgP+TA=; path=/; expires=Wed, 10-Jan-24 10:35:07 GMT; domain=.icanhazip.com; HttpOnly; SameSite=None",
              "Vary": "Accept-Encoding"
            },
            "retry": null,
            "status_code": 200,
            "url": "http://ipv4.icanhazip.com"
          },
          "sensitive_attributes": []
        }
      ]
    },
    {
      "mode": "managed",
      "type": "aws_eip",
      "name": "ohEIP",
      "provider": "provider[\"registry.terraform.io/hashicorp/aws\"]",
      "instances": [
        {
          "schema_version": 0,
          "attributes": {
            "address": null,
            "allocation_id": "eipalloc-07eef7b7464696b4b",
            "associate_with_private_ip": null,
            "association_id": "",
            "carrier_ip": "",
            "customer_owned_ip": "",
            "customer_owned_ipv4_pool": "",
            "domain": "vpc",
            "id": "eipalloc-07eef7b7464696b4b",
            "instance": "",
            "network_border_group": "ap-northeast-2",
            "network_interface": "",
            "private_dns": null,
            "private_ip": "",
            "public_dns": "ec2-3-37-157-104.ap-northeast-2.compute.amazonaws.com",
            "public_ip": "3.37.157.104",
            "public_ipv4_pool": "amazon",
            "tags": {
              "Name": "eks-EIP"
            },
            "tags_all": {
              "Name": "eks-EIP"
            },
            "timeouts": null,
            "vpc": true
          },
          "sensitive_attributes": [],
          "private": "eyJlMmJmYjczMC1lY2FhLTExZTYtOGY4OC0zNDM2M2JjN2M0YzAiOnsiZGVsZXRlIjoxODAwMDAwMDAwMDAsInJlYWQiOjkwMDAwMDAwMDAwMCwidXBkYXRlIjozMDAwMDAwMDAwMDB9fQ=="
        }
      ]
    },
    {
      "mode": "managed",
      "type": "aws_eks_cluster",
      "name": "ohCluster",
      "provider": "provider[\"registry.terraform.io/hashicorp/aws\"]",
      "instances": [
        {
          "schema_version": 0,
          "attributes": {
            "arn": "arn:aws:eks:ap-northeast-2:589634832240:cluster/ohCluster",
            "certificate_authority": [
              {
                "data": "LS0tLS1CRUdJTiBDRVJUSUZJQ0FURS0tLS0tCk1JSURCVENDQWUyZ0F3SUJBZ0lJVlVHTzFGZU1nV2N3RFFZSktvWklodmNOQVFFTEJRQXdGVEVUTUJFR0ExVUUKQXhNS2EzVmlaWEp1WlhSbGN6QWVGdzB5TkRBeE1UQXhNREEwTkRCYUZ3MHpOREF4TURjeE1EQTVOREJhTUJVeApFekFSQmdOVkJBTVRDbXQxWW1WeWJtVjBaWE13Z2dFaU1BMEdDU3FHU0liM0RRRUJBUVVBQTRJQkR3QXdnZ0VLCkFvSUJBUURNUjBMUlB6MnQ4WFo1dDZHTWwxcUUvcW5BSTI0TzJKSGM2TXhFR3VUSCtCakUvNEh2RW5HYU80VXcKdk10SWVWOVF6UUNscENBbnB3eFdJVkd3dUg1VnI0cklvbmhXbjEyNk92aTJwRVFMSXJjd2RhNmFHUkdOTjU3LwpmM3FYLzNaeXRSRTd4U0xwcGZxME9waXpDN25xUkNMYy9zZ0FxNjZyT2hqdGZOSllUczlVQW9wUW9PbTBoblZwCjBlQVVNWmRrdWpja0ZhL080dFFPUmxtVFBLdE5RdmcwbEhtZkhKMnVoLzFHWnJNV0lnUG5WOWtBQm9oVEViZloKWVhTYk42NU55RUFua3lYRlRJVEg5NmpKakVmUk84T2EwUlo3YnFSRjZwYS9udTZHelFJWGpwYXFNcGdsTmtwUgp4ajRESE4xdVFKcFIxbmYyQklaS285ZVNhZy9CQWdNQkFBR2pXVEJYTUE0R0ExVWREd0VCL3dRRUF3SUNwREFQCkJnTlZIUk1CQWY4RUJUQURBUUgvTUIwR0ExVWREZ1FXQkJRUVpzemVuYkJwNW5sNkNoSnJteXYzUXJVa3JqQVYKQmdOVkhSRUVEakFNZ2dwcmRXSmxjbTVsZEdWek1BMEdDU3FHU0liM0RRRUJDd1VBQTRJQkFRQVhqUWNUTldWWQovOGRhMUFGRjY4UHhBbjk5ZUJ6Skt0UHkxZ2xTcCtSR3crTjQwT2JxK3VlYVFyVEpNanNFZEpaZkgzVC8vMFByCkJsYXlJRUpXQmZPU3hIZSs1UTZWZ1RkTFVKQXZkSW40WXN0cFBKRnRTTmxFeW83Y3pZektuUjNLZXB2QzhsZFUKMkp4a28vQXlDWUd4Z3g0b1c0UDJGUFREZGlkNFplRDVlSjJkWW5PbytTUjFWeXBBZndDdHJwNUpaazlkcTVlMwpFbkxhREFlcTdxMnFRaS9KWVNQbXpXd2syWG5hYUFmMm5DVkFsR3UwYzFla0hrK2t2dWt2QitSTHgvNllaeDc4CmRxMGFmRXJNTmRwdzhqU2tOVms4a1ZSMitLeExRQll2T3ptalZPNlM5WjN5dWc4WUszUWtKNlFaMEpOZUgrbTQKNWZUV2lwakxUOTl6Ci0tLS0tRU5EIENFUlRJRklDQVRFLS0tLS0K"
              }
            ],
            "cluster_id": null,
            "created_at": "2024-01-10 10:05:23.909 +0000 UTC",
            "enabled_cluster_log_types": [
              "api",
              "audit",
              "authenticator",
              "controllerManager",
              "scheduler"
            ],
            "encryption_config": [],
            "endpoint": "https://5ED4041F52795C855FF84973AE4AD471.gr7.ap-northeast-2.eks.amazonaws.com",
            "id": "ohCluster",
            "identity": [
              {
                "oidc": [
                  {
                    "issuer": "https://oidc.eks.ap-northeast-2.amazonaws.com/id/5ED4041F52795C855FF84973AE4AD471"
                  }
                ]
              }
            ],
            "kubernetes_network_config": [
              {
                "ip_family": "ipv4",
                "service_ipv4_cidr": "10.100.0.0/16",
                "service_ipv6_cidr": ""
              }
            ],
            "name": "ohCluster",
            "outpost_config": [],
            "platform_version": "eks.7",
            "role_arn": "arn:aws:iam::589634832240:role/terraform-eks-ohCluster",
            "status": "ACTIVE",
            "tags": null,
            "tags_all": {},
            "timeouts": null,
            "version": "1.28",
            "vpc_config": [
              {
                "cluster_security_group_id": "sg-047da3b215649a01f",
                "endpoint_private_access": false,
                "endpoint_public_access": true,
                "public_access_cidrs": [
                  "0.0.0.0/0"
                ],
                "security_group_ids": [
                  "sg-0a164d2b7aaa1ceaf"
                ],
                "subnet_ids": [
                  "subnet-080c074cd6a29746c",
                  "subnet-0de8830be76375ac3"
                ],
                "vpc_id": "vpc-0c0a456c4000650c0"
              }
            ]
          },
          "sensitive_attributes": [],
          "private": "eyJlMmJmYjczMC1lY2FhLTExZTYtOGY4OC0zNDM2M2JjN2M0YzAiOnsiY3JlYXRlIjoxODAwMDAwMDAwMDAwLCJkZWxldGUiOjkwMDAwMDAwMDAwMCwidXBkYXRlIjozNjAwMDAwMDAwMDAwfX0=",
          "dependencies": [
            "aws_iam_role.ohCluster",
            "aws_iam_role_policy_attachment.ohCluster-AmazonEKSClusterPolicy",
            "aws_iam_role_policy_attachment.ohCluster-AmazonEKSVPCResourceController",
            "aws_security_group.ohCluster",
            "aws_subnet.ohPublicSN",
            "aws_vpc.ohVpc",
            "data.aws_availability_zones.available"
          ]
        }
      ]
    },
    {
      "mode": "managed",
      "type": "aws_eks_node_group",
      "name": "ohNODE",
      "provider": "provider[\"registry.terraform.io/hashicorp/aws\"]",
      "instances": [
        {
          "schema_version": 0,
          "attributes": {
            "ami_type": "AL2_x86_64",
            "arn": "arn:aws:eks:ap-northeast-2:589634832240:nodegroup/ohCluster/ohNODE/bec6796d-daf1-f2e4-be90-016f1071d200",
            "capacity_type": "ON_DEMAND",
            "cluster_name": "ohCluster",
            "disk_size": 20,
            "force_update_version": null,
            "id": "ohCluster:ohNODE",
            "instance_types": [
              "t3.medium"
            ],
            "labels": null,
            "launch_template": [],
            "node_group_name": "ohNODE",
            "node_group_name_prefix": "",
            "node_role_arn": "arn:aws:iam::589634832240:role/terraform-eks-ohNODE",
            "release_version": "1.28.3-20231230",
            "remote_access": [],
            "resources": [
              {
                "autoscaling_groups": [
                  {
                    "name": "eks-ohNODE-bec6796d-daf1-f2e4-be90-016f1071d200"
                  }
                ],
                "remote_access_security_group_id": ""
              }
            ],
            "scaling_config": [
              {
                "desired_size": 1,
                "max_size": 3,
                "min_size": 1
              }
            ],
            "status": "ACTIVE",
            "subnet_ids": [
              "subnet-0776c905e977c4c4f",
              "subnet-0c2d2eb1619bd1051"
            ],
            "tags": {
              "Name": "ohCluster-ohNODE."
            },
            "tags_all": {
              "Name": "ohCluster-ohNODE."
            },
            "taint": [],
            "timeouts": null,
            "update_config": [
              {
                "max_unavailable": 1,
                "max_unavailable_percentage": 0
              }
            ],
            "version": "1.28"
          },
          "sensitive_attributes": [],
          "private": "eyJlMmJmYjczMC1lY2FhLTExZTYtOGY4OC0zNDM2M2JjN2M0YzAiOnsiY3JlYXRlIjozNjAwMDAwMDAwMDAwLCJkZWxldGUiOjM2MDAwMDAwMDAwMDAsInVwZGF0ZSI6MzYwMDAwMDAwMDAwMH19",
          "dependencies": [
            "aws_eks_cluster.ohCluster",
            "aws_iam_role.ohCluster",
            "aws_iam_role.ohNODE",
            "aws_iam_role_policy_attachment.ohCluster-AmazonEKSClusterPolicy",
            "aws_iam_role_policy_attachment.ohCluster-AmazonEKSVPCResourceController",
            "aws_iam_role_policy_attachment.ohNODE-AmazonEC2ContainerRegistryReadOnly",
            "aws_iam_role_policy_attachment.ohNODE-AmazonEKSWorkerNodePolicy",
            "aws_iam_role_policy_attachment.ohNODE-AmazonEKS_CNI_Policy",
            "aws_security_group.ohCluster",
            "aws_subnet.ohPrivateSN",
            "aws_subnet.ohPublicSN",
            "aws_vpc.ohVpc",
            "data.aws_availability_zones.available"
          ]
        }
      ]
    },
    {
      "mode": "managed",
      "type": "aws_iam_role",
      "name": "ohCluster",
      "provider": "provider[\"registry.terraform.io/hashicorp/aws\"]",
      "instances": [
        {
          "schema_version": 0,
          "attributes": {
            "arn": "arn:aws:iam::589634832240:role/terraform-eks-ohCluster",
            "assume_role_policy": "{\"Statement\":[{\"Action\":\"sts:AssumeRole\",\"Effect\":\"Allow\",\"Principal\":{\"Service\":\"eks.amazonaws.com\"}}],\"Version\":\"2012-10-17\"}",
            "create_date": "2024-01-10T10:05:10Z",
            "description": "",
            "force_detach_policies": false,
            "id": "terraform-eks-ohCluster",
            "inline_policy": [],
            "managed_policy_arns": [],
            "max_session_duration": 3600,
            "name": "terraform-eks-ohCluster",
            "name_prefix": "",
            "path": "/",
            "permissions_boundary": "",
            "tags": null,
            "tags_all": {},
            "unique_id": "AROAYSSHZQ5YHUKLY43UF"
          },
          "sensitive_attributes": [],
          "private": "bnVsbA=="
        }
      ]
    },
    {
      "mode": "managed",
      "type": "aws_iam_role",
      "name": "ohNODE",
      "provider": "provider[\"registry.terraform.io/hashicorp/aws\"]",
      "instances": [
        {
          "schema_version": 0,
          "attributes": {
            "arn": "arn:aws:iam::589634832240:role/terraform-eks-ohNODE",
            "assume_role_policy": "{\"Statement\":[{\"Action\":\"sts:AssumeRole\",\"Effect\":\"Allow\",\"Principal\":{\"Service\":\"ec2.amazonaws.com\"}}],\"Version\":\"2012-10-17\"}",
            "create_date": "2024-01-10T10:05:10Z",
            "description": "",
            "force_detach_policies": false,
            "id": "terraform-eks-ohNODE",
            "inline_policy": [],
            "managed_policy_arns": [],
            "max_session_duration": 3600,
            "name": "terraform-eks-ohNODE",
            "name_prefix": "",
            "path": "/",
            "permissions_boundary": "",
            "tags": null,
            "tags_all": {},
            "unique_id": "AROAYSSHZQ5YE32JCMCZW"
          },
          "sensitive_attributes": [],
          "private": "bnVsbA=="
        }
      ]
    },
    {
      "mode": "managed",
      "type": "aws_iam_role_policy_attachment",
      "name": "ohCluster-AmazonEKSClusterPolicy",
      "provider": "provider[\"registry.terraform.io/hashicorp/aws\"]",
      "instances": [
        {
          "schema_version": 0,
          "attributes": {
            "id": "terraform-eks-ohCluster-20240110100511762100000005",
            "policy_arn": "arn:aws:iam::aws:policy/AmazonEKSClusterPolicy",
            "role": "terraform-eks-ohCluster"
          },
          "sensitive_attributes": [],
          "private": "bnVsbA==",
          "dependencies": [
            "aws_iam_role.ohCluster"
          ]
        }
      ]
    },
    {
      "mode": "managed",
      "type": "aws_iam_role_policy_attachment",
      "name": "ohCluster-AmazonEKSVPCResourceController",
      "provider": "provider[\"registry.terraform.io/hashicorp/aws\"]",
      "instances": [
        {
          "schema_version": 0,
          "attributes": {
            "id": "terraform-eks-ohCluster-20240110100511519800000004",
            "policy_arn": "arn:aws:iam::aws:policy/AmazonEKSVPCResourceController",
            "role": "terraform-eks-ohCluster"
          },
          "sensitive_attributes": [],
          "private": "bnVsbA==",
          "dependencies": [
            "aws_iam_role.ohCluster"
          ]
        }
      ]
    },
    {
      "mode": "managed",
      "type": "aws_iam_role_policy_attachment",
      "name": "ohNODE-AmazonEC2ContainerRegistryReadOnly",
      "provider": "provider[\"registry.terraform.io/hashicorp/aws\"]",
      "instances": [
        {
          "schema_version": 0,
          "attributes": {
            "id": "terraform-eks-ohNODE-20240110100511507000000003",
            "policy_arn": "arn:aws:iam::aws:policy/AmazonEC2ContainerRegistryReadOnly",
            "role": "terraform-eks-ohNODE"
          },
          "sensitive_attributes": [],
          "private": "bnVsbA==",
          "dependencies": [
            "aws_iam_role.ohNODE"
          ]
        }
      ]
    },
    {
      "mode": "managed",
      "type": "aws_iam_role_policy_attachment",
      "name": "ohNODE-AmazonEKSWorkerNodePolicy",
      "provider": "provider[\"registry.terraform.io/hashicorp/aws\"]",
      "instances": [
        {
          "schema_version": 0,
          "attributes": {
            "id": "terraform-eks-ohNODE-20240110100511284800000002",
            "policy_arn": "arn:aws:iam::aws:policy/AmazonEKSWorkerNodePolicy",
            "role": "terraform-eks-ohNODE"
          },
          "sensitive_attributes": [],
          "private": "bnVsbA==",
          "dependencies": [
            "aws_iam_role.ohNODE"
          ]
        }
      ]
    },
    {
      "mode": "managed",
      "type": "aws_iam_role_policy_attachment",
      "name": "ohNODE-AmazonEKS_CNI_Policy",
      "provider": "provider[\"registry.terraform.io/hashicorp/aws\"]",
      "instances": [
        {
          "schema_version": 0,
          "attributes": {
            "id": "terraform-eks-ohNODE-20240110100511247000000001",
            "policy_arn": "arn:aws:iam::aws:policy/AmazonEKS_CNI_Policy",
            "role": "terraform-eks-ohNODE"
          },
          "sensitive_attributes": [],
          "private": "bnVsbA==",
          "dependencies": [
            "aws_iam_role.ohNODE"
          ]
        }
      ]
    },
    {
      "mode": "managed",
      "type": "aws_internet_gateway",
      "name": "ohIG",
      "provider": "provider[\"registry.terraform.io/hashicorp/aws\"]",
      "instances": [
        {
          "schema_version": 0,
          "attributes": {
            "arn": "arn:aws:ec2:ap-northeast-2:589634832240:internet-gateway/igw-050fcad20af1fc1cd",
            "id": "igw-050fcad20af1fc1cd",
            "owner_id": "589634832240",
            "tags": {
              "Name": "terraform-eks-ohIG"
            },
            "tags_all": {
              "Name": "terraform-eks-ohIG"
            },
            "timeouts": null,
            "vpc_id": "vpc-0c0a456c4000650c0"
          },
          "sensitive_attributes": [],
          "private": "eyJlMmJmYjczMC1lY2FhLTExZTYtOGY4OC0zNDM2M2JjN2M0YzAiOnsiY3JlYXRlIjoxMjAwMDAwMDAwMDAwLCJkZWxldGUiOjEyMDAwMDAwMDAwMDAsInVwZGF0ZSI6MTIwMDAwMDAwMDAwMH19",
          "dependencies": [
            "aws_vpc.ohVpc"
          ]
        }
      ]
    },
    {
      "mode": "managed",
      "type": "aws_nat_gateway",
      "name": "ohNAT",
      "provider": "provider[\"registry.terraform.io/hashicorp/aws\"]",
      "instances": [
        {
          "schema_version": 0,
          "attributes": {
            "allocation_id": "eipalloc-07eef7b7464696b4b",
            "association_id": "eipassoc-094a5df28772c1361",
            "connectivity_type": "public",
            "id": "nat-0d48d7a25c222afce",
            "network_interface_id": "eni-05817e689337b0b71",
            "private_ip": "20.0.0.151",
            "public_ip": "3.37.157.104",
            "secondary_allocation_ids": null,
            "secondary_private_ip_address_count": 0,
            "secondary_private_ip_addresses": [],
            "subnet_id": "subnet-080c074cd6a29746c",
            "tags": {
              "Name": "eks-NAT"
            },
            "tags_all": {
              "Name": "eks-NAT"
            },
            "timeouts": null
          },
          "sensitive_attributes": [],
          "private": "eyJlMmJmYjczMC1lY2FhLTExZTYtOGY4OC0zNDM2M2JjN2M0YzAiOnsiY3JlYXRlIjo2MDAwMDAwMDAwMDAsImRlbGV0ZSI6MTgwMDAwMDAwMDAwMCwidXBkYXRlIjo2MDAwMDAwMDAwMDB9fQ==",
          "dependencies": [
            "aws_eip.ohEIP",
            "aws_subnet.ohPublicSN",
            "aws_vpc.ohVpc",
            "data.aws_availability_zones.available"
          ]
        }
      ]
    },
    {
      "mode": "managed",
      "type": "aws_route_table",
      "name": "ohPrivateRT",
      "provider": "provider[\"registry.terraform.io/hashicorp/aws\"]",
      "instances": [
        {
          "schema_version": 0,
          "attributes": {
            "arn": "arn:aws:ec2:ap-northeast-2:589634832240:route-table/rtb-0441e1e5466a8f23c",
            "id": "rtb-0441e1e5466a8f23c",
            "owner_id": "589634832240",
            "propagating_vgws": [],
            "route": [
              {
                "carrier_gateway_id": "",
                "cidr_block": "0.0.0.0/0",
                "core_network_arn": "",
                "destination_prefix_list_id": "",
                "egress_only_gateway_id": "",
                "gateway_id": "nat-0d48d7a25c222afce",
                "ipv6_cidr_block": "",
                "local_gateway_id": "",
                "nat_gateway_id": "",
                "network_interface_id": "",
                "transit_gateway_id": "",
                "vpc_endpoint_id": "",
                "vpc_peering_connection_id": ""
              }
            ],
            "tags": {
              "Name": "eks-ohPrivateRT"
            },
            "tags_all": {
              "Name": "eks-ohPrivateRT"
            },
            "timeouts": null,
            "vpc_id": "vpc-0c0a456c4000650c0"
          },
          "sensitive_attributes": [],
          "private": "eyJlMmJmYjczMC1lY2FhLTExZTYtOGY4OC0zNDM2M2JjN2M0YzAiOnsiY3JlYXRlIjozMDAwMDAwMDAwMDAsImRlbGV0ZSI6MzAwMDAwMDAwMDAwLCJ1cGRhdGUiOjEyMDAwMDAwMDAwMH19",
          "dependencies": [
            "aws_eip.ohEIP",
            "aws_nat_gateway.ohNAT",
            "aws_subnet.ohPublicSN",
            "aws_vpc.ohVpc",
            "data.aws_availability_zones.available"
          ]
        }
      ]
    },
    {
      "mode": "managed",
      "type": "aws_route_table",
      "name": "ohRT",
      "provider": "provider[\"registry.terraform.io/hashicorp/aws\"]",
      "instances": [
        {
          "schema_version": 0,
          "attributes": {
            "arn": "arn:aws:ec2:ap-northeast-2:589634832240:route-table/rtb-0d85bd2ada8c261b1",
            "id": "rtb-0d85bd2ada8c261b1",
            "owner_id": "589634832240",
            "propagating_vgws": [],
            "route": [
              {
                "carrier_gateway_id": "",
                "cidr_block": "0.0.0.0/0",
                "core_network_arn": "",
                "destination_prefix_list_id": "",
                "egress_only_gateway_id": "",
                "gateway_id": "igw-050fcad20af1fc1cd",
                "ipv6_cidr_block": "",
                "local_gateway_id": "",
                "nat_gateway_id": "",
                "network_interface_id": "",
                "transit_gateway_id": "",
                "vpc_endpoint_id": "",
                "vpc_peering_connection_id": ""
              }
            ],
            "tags": {
              "Name": "eks-ohPublicRT"
            },
            "tags_all": {
              "Name": "eks-ohPublicRT"
            },
            "timeouts": null,
            "vpc_id": "vpc-0c0a456c4000650c0"
          },
          "sensitive_attributes": [],
          "private": "eyJlMmJmYjczMC1lY2FhLTExZTYtOGY4OC0zNDM2M2JjN2M0YzAiOnsiY3JlYXRlIjozMDAwMDAwMDAwMDAsImRlbGV0ZSI6MzAwMDAwMDAwMDAwLCJ1cGRhdGUiOjEyMDAwMDAwMDAwMH19",
          "dependencies": [
            "aws_internet_gateway.ohIG",
            "aws_vpc.ohVpc"
          ]
        }
      ]
    },
    {
      "mode": "managed",
      "type": "aws_route_table_association",
      "name": "ohPrivateRT",
      "provider": "provider[\"registry.terraform.io/hashicorp/aws\"]",
      "instances": [
        {
          "index_key": 0,
          "schema_version": 0,
          "attributes": {
            "gateway_id": "",
            "id": "rtbassoc-07384c97e8783452f",
            "route_table_id": "rtb-0441e1e5466a8f23c",
            "subnet_id": "subnet-0776c905e977c4c4f",
            "timeouts": null
          },
          "sensitive_attributes": [],
          "private": "eyJlMmJmYjczMC1lY2FhLTExZTYtOGY4OC0zNDM2M2JjN2M0YzAiOnsiY3JlYXRlIjozMDAwMDAwMDAwMDAsImRlbGV0ZSI6MzAwMDAwMDAwMDAwLCJ1cGRhdGUiOjEyMDAwMDAwMDAwMH19",
          "dependencies": [
            "aws_eip.ohEIP",
            "aws_nat_gateway.ohNAT",
            "aws_route_table.ohPrivateRT",
            "aws_subnet.ohPrivateSN",
            "aws_subnet.ohPublicSN",
            "aws_vpc.ohVpc",
            "data.aws_availability_zones.available"
          ]
        },
        {
          "index_key": 1,
          "schema_version": 0,
          "attributes": {
            "gateway_id": "",
            "id": "rtbassoc-05aa4de2ebbc9d1b4",
            "route_table_id": "rtb-0441e1e5466a8f23c",
            "subnet_id": "subnet-0c2d2eb1619bd1051",
            "timeouts": null
          },
          "sensitive_attributes": [],
          "private": "eyJlMmJmYjczMC1lY2FhLTExZTYtOGY4OC0zNDM2M2JjN2M0YzAiOnsiY3JlYXRlIjozMDAwMDAwMDAwMDAsImRlbGV0ZSI6MzAwMDAwMDAwMDAwLCJ1cGRhdGUiOjEyMDAwMDAwMDAwMH19",
          "dependencies": [
            "aws_eip.ohEIP",
            "aws_nat_gateway.ohNAT",
            "aws_route_table.ohPrivateRT",
            "aws_subnet.ohPrivateSN",
            "aws_subnet.ohPublicSN",
            "aws_vpc.ohVpc",
            "data.aws_availability_zones.available"
          ]
        }
      ]
    },
    {
      "mode": "managed",
      "type": "aws_route_table_association",
      "name": "ohRT",
      "provider": "provider[\"registry.terraform.io/hashicorp/aws\"]",
      "instances": [
        {
          "index_key": 0,
          "schema_version": 0,
          "attributes": {
            "gateway_id": "",
            "id": "rtbassoc-08191e571cf8f7b1f",
            "route_table_id": "rtb-0d85bd2ada8c261b1",
            "subnet_id": "subnet-080c074cd6a29746c",
            "timeouts": null
          },
          "sensitive_attributes": [],
          "private": "eyJlMmJmYjczMC1lY2FhLTExZTYtOGY4OC0zNDM2M2JjN2M0YzAiOnsiY3JlYXRlIjozMDAwMDAwMDAwMDAsImRlbGV0ZSI6MzAwMDAwMDAwMDAwLCJ1cGRhdGUiOjEyMDAwMDAwMDAwMH19",
          "dependencies": [
            "aws_internet_gateway.ohIG",
            "aws_route_table.ohRT",
            "aws_subnet.ohPublicSN",
            "aws_vpc.ohVpc",
            "data.aws_availability_zones.available"
          ]
        },
        {
          "index_key": 1,
          "schema_version": 0,
          "attributes": {
            "gateway_id": "",
            "id": "rtbassoc-01358bab3e459d91c",
            "route_table_id": "rtb-0d85bd2ada8c261b1",
            "subnet_id": "subnet-0de8830be76375ac3",
            "timeouts": null
          },
          "sensitive_attributes": [],
          "private": "eyJlMmJmYjczMC1lY2FhLTExZTYtOGY4OC0zNDM2M2JjN2M0YzAiOnsiY3JlYXRlIjozMDAwMDAwMDAwMDAsImRlbGV0ZSI6MzAwMDAwMDAwMDAwLCJ1cGRhdGUiOjEyMDAwMDAwMDAwMH19",
          "dependencies": [
            "aws_internet_gateway.ohIG",
            "aws_route_table.ohRT",
            "aws_subnet.ohPublicSN",
            "aws_vpc.ohVpc",
            "data.aws_availability_zones.available"
          ]
        }
      ]
    },
    {
      "mode": "managed",
      "type": "aws_security_group",
      "name": "ohCluster",
      "provider": "provider[\"registry.terraform.io/hashicorp/aws\"]",
      "instances": [
        {
          "schema_version": 1,
          "attributes": {
            "arn": "arn:aws:ec2:ap-northeast-2:589634832240:security-group/sg-0a164d2b7aaa1ceaf",
            "description": "Cluster communication with worker nodes",
            "egress": [
              {
                "cidr_blocks": [
                  "0.0.0.0/0"
                ],
                "description": "",
                "from_port": 0,
                "ipv6_cidr_blocks": [],
                "prefix_list_ids": [],
                "protocol": "-1",
                "security_groups": [],
                "self": false,
                "to_port": 0
              }
            ],
            "id": "sg-0a164d2b7aaa1ceaf",
            "ingress": [],
            "name": "terraform-eks-ohCluster",
            "name_prefix": "",
            "owner_id": "589634832240",
            "revoke_rules_on_delete": false,
            "tags": {
              "Name": "terraform-eks-cluster SG"
            },
            "tags_all": {
              "Name": "terraform-eks-cluster SG"
            },
            "timeouts": null,
            "vpc_id": "vpc-0c0a456c4000650c0"
          },
          "sensitive_attributes": [],
          "private": "eyJlMmJmYjczMC1lY2FhLTExZTYtOGY4OC0zNDM2M2JjN2M0YzAiOnsiY3JlYXRlIjo2MDAwMDAwMDAwMDAsImRlbGV0ZSI6OTAwMDAwMDAwMDAwfSwic2NoZW1hX3ZlcnNpb24iOiIxIn0=",
          "dependencies": [
            "aws_vpc.ohVpc"
          ]
        }
      ]
    },
    {
      "mode": "managed",
      "type": "aws_security_group_rule",
      "name": "ohCluster-ingress-workstation-https",
      "provider": "provider[\"registry.terraform.io/hashicorp/aws\"]",
      "instances": [
        {
          "schema_version": 2,
          "attributes": {
            "cidr_blocks": [
              "121.130.76.1/32"
            ],
            "description": "Allow workstation to communicate with the cluster API Server",
            "from_port": 443,
            "id": "sgrule-2922169487",
            "ipv6_cidr_blocks": null,
            "prefix_list_ids": null,
            "protocol": "tcp",
            "security_group_id": "sg-0a164d2b7aaa1ceaf",
            "security_group_rule_id": "sgr-09eab29e1150445bd",
            "self": false,
            "source_security_group_id": null,
            "timeouts": null,
            "to_port": 443,
            "type": "ingress"
          },
          "sensitive_attributes": [],
          "private": "eyJlMmJmYjczMC1lY2FhLTExZTYtOGY4OC0zNDM2M2JjN2M0YzAiOnsiY3JlYXRlIjozMDAwMDAwMDAwMDB9LCJzY2hlbWFfdmVyc2lvbiI6IjIifQ==",
          "dependencies": [
            "aws_security_group.ohCluster",
            "aws_vpc.ohVpc",
            "data.http.workstation-external-ip"
          ]
        }
      ]
    },
    {
      "mode": "managed",
      "type": "aws_subnet",
      "name": "ohPrivateSN",
      "provider": "provider[\"registry.terraform.io/hashicorp/aws\"]",
      "instances": [
        {
          "index_key": 0,
          "schema_version": 1,
          "attributes": {
            "arn": "arn:aws:ec2:ap-northeast-2:589634832240:subnet/subnet-0776c905e977c4c4f",
            "assign_ipv6_address_on_creation": false,
            "availability_zone": "ap-northeast-2a",
            "availability_zone_id": "apne2-az1",
            "cidr_block": "20.0.2.0/24",
            "customer_owned_ipv4_pool": "",
            "enable_dns64": false,
            "enable_lni_at_device_index": 0,
            "enable_resource_name_dns_a_record_on_launch": false,
            "enable_resource_name_dns_aaaa_record_on_launch": false,
            "id": "subnet-0776c905e977c4c4f",
            "ipv6_cidr_block": "",
            "ipv6_cidr_block_association_id": "",
            "ipv6_native": false,
            "map_customer_owned_ip_on_launch": false,
            "map_public_ip_on_launch": false,
            "outpost_arn": "",
            "owner_id": "589634832240",
            "private_dns_hostname_type_on_launch": "ip-name",
            "tags": {
              "Name": "terraform-eks-ohPrivateSN-0",
              "kubernetes.io/cluster/ohCluster": "shared"
            },
            "tags_all": {
              "Name": "terraform-eks-ohPrivateSN-0",
              "kubernetes.io/cluster/ohCluster": "shared"
            },
            "timeouts": null,
            "vpc_id": "vpc-0c0a456c4000650c0"
          },
          "sensitive_attributes": [],
          "private": "eyJlMmJmYjczMC1lY2FhLTExZTYtOGY4OC0zNDM2M2JjN2M0YzAiOnsiY3JlYXRlIjo2MDAwMDAwMDAwMDAsImRlbGV0ZSI6MTIwMDAwMDAwMDAwMH0sInNjaGVtYV92ZXJzaW9uIjoiMSJ9",
          "dependencies": [
            "aws_vpc.ohVpc",
            "data.aws_availability_zones.available"
          ]
        },
        {
          "index_key": 1,
          "schema_version": 1,
          "attributes": {
            "arn": "arn:aws:ec2:ap-northeast-2:589634832240:subnet/subnet-0c2d2eb1619bd1051",
            "assign_ipv6_address_on_creation": false,
            "availability_zone": "ap-northeast-2b",
            "availability_zone_id": "apne2-az2",
            "cidr_block": "20.0.3.0/24",
            "customer_owned_ipv4_pool": "",
            "enable_dns64": false,
            "enable_lni_at_device_index": 0,
            "enable_resource_name_dns_a_record_on_launch": false,
            "enable_resource_name_dns_aaaa_record_on_launch": false,
            "id": "subnet-0c2d2eb1619bd1051",
            "ipv6_cidr_block": "",
            "ipv6_cidr_block_association_id": "",
            "ipv6_native": false,
            "map_customer_owned_ip_on_launch": false,
            "map_public_ip_on_launch": false,
            "outpost_arn": "",
            "owner_id": "589634832240",
            "private_dns_hostname_type_on_launch": "ip-name",
            "tags": {
              "Name": "terraform-eks-ohPrivateSN-1",
              "kubernetes.io/cluster/ohCluster": "shared"
            },
            "tags_all": {
              "Name": "terraform-eks-ohPrivateSN-1",
              "kubernetes.io/cluster/ohCluster": "shared"
            },
            "timeouts": null,
            "vpc_id": "vpc-0c0a456c4000650c0"
          },
          "sensitive_attributes": [],
          "private": "eyJlMmJmYjczMC1lY2FhLTExZTYtOGY4OC0zNDM2M2JjN2M0YzAiOnsiY3JlYXRlIjo2MDAwMDAwMDAwMDAsImRlbGV0ZSI6MTIwMDAwMDAwMDAwMH0sInNjaGVtYV92ZXJzaW9uIjoiMSJ9",
          "dependencies": [
            "aws_vpc.ohVpc",
            "data.aws_availability_zones.available"
          ]
        }
      ]
    },
    {
      "mode": "managed",
      "type": "aws_subnet",
      "name": "ohPublicSN",
      "provider": "provider[\"registry.terraform.io/hashicorp/aws\"]",
      "instances": [
        {
          "index_key": 0,
          "schema_version": 1,
          "attributes": {
            "arn": "arn:aws:ec2:ap-northeast-2:589634832240:subnet/subnet-080c074cd6a29746c",
            "assign_ipv6_address_on_creation": false,
            "availability_zone": "ap-northeast-2a",
            "availability_zone_id": "apne2-az1",
            "cidr_block": "20.0.0.0/24",
            "customer_owned_ipv4_pool": "",
            "enable_dns64": false,
            "enable_lni_at_device_index": 0,
            "enable_resource_name_dns_a_record_on_launch": false,
            "enable_resource_name_dns_aaaa_record_on_launch": false,
            "id": "subnet-080c074cd6a29746c",
            "ipv6_cidr_block": "",
            "ipv6_cidr_block_association_id": "",
            "ipv6_native": false,
            "map_customer_owned_ip_on_launch": false,
            "map_public_ip_on_launch": true,
            "outpost_arn": "",
            "owner_id": "589634832240",
            "private_dns_hostname_type_on_launch": "ip-name",
            "tags": {
              "Name": "terraform-eks-ohPublicSN-0",
              "kubernetes.io/cluster/ohCluster": "shared"
            },
            "tags_all": {
              "Name": "terraform-eks-ohPublicSN-0",
              "kubernetes.io/cluster/ohCluster": "shared"
            },
            "timeouts": null,
            "vpc_id": "vpc-0c0a456c4000650c0"
          },
          "sensitive_attributes": [],
          "private": "eyJlMmJmYjczMC1lY2FhLTExZTYtOGY4OC0zNDM2M2JjN2M0YzAiOnsiY3JlYXRlIjo2MDAwMDAwMDAwMDAsImRlbGV0ZSI6MTIwMDAwMDAwMDAwMH0sInNjaGVtYV92ZXJzaW9uIjoiMSJ9",
          "dependencies": [
            "aws_vpc.ohVpc",
            "data.aws_availability_zones.available"
          ]
        },
        {
          "index_key": 1,
          "schema_version": 1,
          "attributes": {
            "arn": "arn:aws:ec2:ap-northeast-2:589634832240:subnet/subnet-0de8830be76375ac3",
            "assign_ipv6_address_on_creation": false,
            "availability_zone": "ap-northeast-2b",
            "availability_zone_id": "apne2-az2",
            "cidr_block": "20.0.1.0/24",
            "customer_owned_ipv4_pool": "",
            "enable_dns64": false,
            "enable_lni_at_device_index": 0,
            "enable_resource_name_dns_a_record_on_launch": false,
            "enable_resource_name_dns_aaaa_record_on_launch": false,
            "id": "subnet-0de8830be76375ac3",
            "ipv6_cidr_block": "",
            "ipv6_cidr_block_association_id": "",
            "ipv6_native": false,
            "map_customer_owned_ip_on_launch": false,
            "map_public_ip_on_launch": true,
            "outpost_arn": "",
            "owner_id": "589634832240",
            "private_dns_hostname_type_on_launch": "ip-name",
            "tags": {
              "Name": "terraform-eks-ohPublicSN-1",
              "kubernetes.io/cluster/ohCluster": "shared"
            },
            "tags_all": {
              "Name": "terraform-eks-ohPublicSN-1",
              "kubernetes.io/cluster/ohCluster": "shared"
            },
            "timeouts": null,
            "vpc_id": "vpc-0c0a456c4000650c0"
          },
          "sensitive_attributes": [],
          "private": "eyJlMmJmYjczMC1lY2FhLTExZTYtOGY4OC0zNDM2M2JjN2M0YzAiOnsiY3JlYXRlIjo2MDAwMDAwMDAwMDAsImRlbGV0ZSI6MTIwMDAwMDAwMDAwMH0sInNjaGVtYV92ZXJzaW9uIjoiMSJ9",
          "dependencies": [
            "aws_vpc.ohVpc",
            "data.aws_availability_zones.available"
          ]
        }
      ]
    },
    {
      "mode": "managed",
      "type": "aws_vpc",
      "name": "ohVpc",
      "provider": "provider[\"registry.terraform.io/hashicorp/aws\"]",
      "instances": [
        {
          "schema_version": 1,
          "attributes": {
            "arn": "arn:aws:ec2:ap-northeast-2:589634832240:vpc/vpc-0c0a456c4000650c0",
            "assign_generated_ipv6_cidr_block": false,
            "cidr_block": "20.0.0.0/16",
            "default_network_acl_id": "acl-0d5c76bc2a92b1f6a",
            "default_route_table_id": "rtb-0871a96230174ce8d",
            "default_security_group_id": "sg-0d60a144435de8d8c",
            "dhcp_options_id": "dopt-031d2f2c4acd1c150",
            "enable_dns_hostnames": false,
            "enable_dns_support": true,
            "enable_network_address_usage_metrics": false,
            "id": "vpc-0c0a456c4000650c0",
            "instance_tenancy": "default",
            "ipv4_ipam_pool_id": null,
            "ipv4_netmask_length": null,
            "ipv6_association_id": "",
            "ipv6_cidr_block": "",
            "ipv6_cidr_block_network_border_group": "",
            "ipv6_ipam_pool_id": "",
            "ipv6_netmask_length": 0,
            "main_route_table_id": "rtb-0871a96230174ce8d",
            "owner_id": "589634832240",
            "tags": {
              "Name": "terraform-eks-ohVpc",
              "kubernetes.io/cluster/ohCluster": "shared"
            },
            "tags_all": {
              "Name": "terraform-eks-ohVpc",
              "kubernetes.io/cluster/ohCluster": "shared"
            }
          },
          "sensitive_attributes": [],
          "private": "eyJzY2hlbWFfdmVyc2lvbiI6IjEifQ=="
        }
      ]
    }
  ],
  "check_results": null
}
